
Microsoft Visual Studio Solution File, Format Version 12.00
# Visual Studio Version 17
VisualStudioVersion = 17.0.31919.166
MinimumVisualStudioVersion = 10.0.40219.1
Project("{8BC9CEB8-8B4A-11D0-8D11-00A0C91BC942}") = "RSDKv5SteamAPI", "RSDKv5SteamAPI\RSDKv5SteamAPI.vcxproj", "{961C3860-FD88-4A5F-933E-28C8D9E7BC86}"
EndProject
Project("{8BC9CEB8-8B4A-11D0-8D11-00A0C91BC942}") = "S3KPauseMenu", "S3KPauseMenu\S3KPauseMenu.vcxproj", "{264D3CC5-D98F-4EFA-8B13-32012A5AFCE9}"
EndProject
Project("{8BC9CEB8-8B4A-11D0-8D11-00A0C91BC942}") = "S3KOptionsMenu", "S3KOptionsMenu\S3KOptionsMenu.vcxproj", "{264D3CC5-D98F-4EFA-8B13-32012A5AFCEB}"
EndProject
Global
	GlobalSection(SolutionConfigurationPlatforms) = preSolution
		Debug Rev2|x64 = Debug Rev2|x64
		Debug Rev2|x86 = Debug Rev2|x86
		Debug|x64 = Debug|x64
		Debug|x86 = Debug|x86
		Release Rev2|x64 = Release Rev2|x64
		Release Rev2|x86 = Release Rev2|x86
		Release|x64 = Release|x64
		Release|x86 = Release|x86
	EndGlobalSection
	GlobalSection(ProjectConfigurationPlatforms) = postSolution
		{961C3860-FD88-4A5F-933E-28C8D9E7BC86}.Debug Rev2|x64.ActiveCfg = Debug Rev2|x64
		{961C3860-FD88-4A5F-933E-28C8D9E7BC86}.Debug Rev2|x64.Build.0 = Debug Rev2|x64
		{961C3860-FD88-4A5F-933E-28C8D9E7BC86}.Debug Rev2|x86.ActiveCfg = Debug Rev2|Win32
		{961C3860-FD88-4A5F-933E-28C8D9E7BC86}.Debug Rev2|x86.Build.0 = Debug Rev2|Win32
		{961C3860-FD88-4A5F-933E-28C8D9E7BC86}.Debug|x64.ActiveCfg = Debug|x64
		{961C3860-FD88-4A5F-933E-28C8D9E7BC86}.Debug|x64.Build.0 = Debug|x64
		{961C3860-FD88-4A5F-933E-28C8D9E7BC86}.Debug|x86.ActiveCfg = Debug|Win32
		{961C3860-FD88-4A5F-933E-28C8D9E7BC86}.Debug|x86.Build.0 = Debug|Win32
		{961C3860-FD88-4A5F-933E-28C8D9E7BC86}.Release Rev2|x64.ActiveCfg = Release Rev2|x64
		{961C3860-FD88-4A5F-933E-28C8D9E7BC86}.Release Rev2|x64.Build.0 = Release Rev2|x64
		{961C3860-FD88-4A5F-933E-28C8D9E7BC86}.Release Rev2|x86.ActiveCfg = Release Rev2|Win32
		{961C3860-FD88-4A5F-933E-28C8D9E7BC86}.Release Rev2|x86.Build.0 = Release Rev2|Win32
		{961C3860-FD88-4A5F-933E-28C8D9E7BC86}.Release|x64.ActiveCfg = Release|x64
		{961C3860-FD88-4A5F-933E-28C8D9E7BC86}.Release|x64.Build.0 = Release|x64
		{961C3860-FD88-4A5F-933E-28C8D9E7BC86}.Release|x86.ActiveCfg = Release|Win32
		{961C3860-FD88-4A5F-933E-28C8D9E7BC86}.Release|x86.Build.0 = Release|Win32
		{264D3CC5-D98F-4EFA-8B13-32012A5AFCE9}.Debug Rev2|x64.ActiveCfg = Debug Rev2|x64
		{264D3CC5-D98F-4EFA-8B13-32012A5AFCE9}.Debug Rev2|x64.Build.0 = Debug Rev2|x64
		{264D3CC5-D98F-4EFA-8B13-32012A5AFCE9}.Debug Rev2|x86.ActiveCfg = Debug Rev2|Win32
		{264D3CC5-D98F-4EFA-8B13-32012A5AFCE9}.Debug Rev2|x86.Build.0 = Debug Rev2|Win32
		{264D3CC5-D98F-4EFA-8B13-32012A5AFCE9}.Debug|x64.ActiveCfg = Debug|x64
		{264D3CC5-D98F-4EFA-8B13-32012A5AFCE9}.Debug|x64.Build.0 = Debug|x64
		{264D3CC5-D98F-4EFA-8B13-32012A5AFCE9}.Debug|x86.ActiveCfg = Debug|Win32
		{264D3CC5-D98F-4EFA-8B13-32012A5AFCE9}.Debug|x86.Build.0 = Debug|Win32
		{264D3CC5-D98F-4EFA-8B13-32012A5AFCE9}.Release Rev2|x64.ActiveCfg = Release Rev2|x64
		{264D3CC5-D98F-4EFA-8B13-32012A5AFCE9}.Release Rev2|x64.Build.0 = Release Rev2|x64
		{264D3CC5-D98F-4EFA-8B13-32012A5AFCE9}.Release Rev2|x86.ActiveCfg = Release Rev2|Win32
		{264D3CC5-D98F-4EFA-8B13-32012A5AFCE9}.Release Rev2|x86.Build.0 = Release Rev2|Win32
		{264D3CC5-D98F-4EFA-8B13-32012A5AFCE9}.Release|x64.ActiveCfg = Release|x64
		{264D3CC5-D98F-4EFA-8B13-32012A5AFCE9}.Release|x64.Build.0 = Release|x64
		{264D3CC5-D98F-4EFA-8B13-32012A5AFCE9}.Release|x86.ActiveCfg = Release|Win32
		{264D3CC5-D98F-4EFA-8B13-32012A5AFCE9}.Release|x86.Build.0 = Release|Win32
		{264D3CC5-D98F-4EFA-8B13-32012A5AFCEB}.Debug Rev2|x64.ActiveCfg = Debug Rev2|x64
		{264D3CC5-D98F-4EFA-8B13-32012A5AFCEB}.Debug Rev2|x64.Build.0 = Debug Rev2|x64
		{264D3CC5-D98F-4EFA-8B13-32012A5AFCEB}.Debug Rev2|x86.ActiveCfg = Debug Rev2|Win32
		{264D3CC5-D98F-4EFA-8B13-32012A5AFCEB}.Debug Rev2|x86.Build.0 = Debug Rev2|Win32
		{264D3CC5-D98F-4EFA-8B13-32012A5AFCEB}.Debug|x64.ActiveCfg = Debug|x64
		{264D3CC5-D98F-4EFA-8B13-32012A5AFCEB}.Debug|x64.Build.0 = Debug|x64
		{264D3CC5-D98F-4EFA-8B13-32012A5AFCEB}.Debug|x86.ActiveCfg = Debug|Win32
		{264D3CC5-D98F-4EFA-8B13-32012A5AFCEB}.Debug|x86.Build.0 = Debug|Win32
		{264D3CC5-D98F-4EFA-8B13-32012A5AFCEB}.Release Rev2|x64.ActiveCfg = Release Rev2|x64
		{264D3CC5-D98F-4EFA-8B13-32012A5AFCEB}.Release Rev2|x64.Build.0 = Release Rev2|x64
		{264D3CC5-D98F-4EFA-8B13-32012A5AFCEB}.Release Rev2|x86.ActiveCfg = Release Rev2|Win32
		{264D3CC5-D98F-4EFA-8B13-32012A5AFCEB}.Release Rev2|x86.Build.0 = Release Rev2|Win32
		{264D3CC5-D98F-4EFA-8B13-32012A5AFCEB}.Release|x64.ActiveCfg = Release|x64
		{264D3CC5-D98F-4EFA-8B13-32012A5AFCEB}.Release|x64.Build.0 = Release|x64
		{264D3CC5-D98F-4EFA-8B13-32012A5AFCEB}.Release|x86.ActiveCfg = Release|Win32
		{264D3CC5-D98F-4EFA-8B13-32012A5AFCEB}.Release|x86.Build.0 = Release|Win32
	EndGlobalSection
	GlobalSection(SolutionProperties) = preSolution
		HideSolutionNode = FALSE
	EndGlobalSection
	GlobalSection(ExtensibilityGlobals) = postSolution
		SolutionGuid = {4B8F1568-3E2B-4A89-AFE0-46EE1C9A2935}
	EndGlobalSection
EndGlobal
